
Microsoft Visual Studio Solution File, Format Version 12.00
# Visual Studio Version 17
VisualStudioVersion = 17.5.33530.505
MinimumVisualStudioVersion = 10.0.40219.1
Project("{FAE04EC0-301F-11D3-BF4B-00C04F79EFBC}") = "ConsoleApp2", "ConsoleApp2\ConsoleApp2.csproj", "{2F91DBD3-3AF5-446A-9B5A-DA4E82F6E6BB}"
EndProject
Global
	GlobalSection(SolutionConfigurationPlatforms) = preSolution
		Debug|Any CPU = Debug|Any CPU
		Release|Any CPU = Release|Any CPU
	EndGlobalSection
	GlobalSection(ProjectConfigurationPlatforms) = postSolution
		{2F91DBD3-3AF5-446A-9B5A-DA4E82F6E6BB}.Debug|Any CPU.ActiveCfg = Debug|Any CPU
		{2F91DBD3-3AF5-446A-9B5A-DA4E82F6E6BB}.Debug|Any CPU.Build.0 = Debug|Any CPU
		{2F91DBD3-3AF5-446A-9B5A-DA4E82F6E6BB}.Release|Any CPU.ActiveCfg = Release|Any CPU
		{2F91DBD3-3AF5-446A-9B5A-DA4E82F6E6BB}.Release|Any CPU.Build.0 = Release|Any CPU
	EndGlobalSection
	GlobalSection(SolutionProperties) = preSolution
		HideSolutionNode = FALSE
	EndGlobalSection
	GlobalSection(ExtensibilityGlobals) = postSolution
		SolutionGuid = {B29459C6-AE2E-48E0-8FD0-86717D322DB5}
	EndGlobalSection
EndGlobal
